
Microsoft Visual Studio Solution File, Format Version 12.00
Project("{2150E333-8FDC-42A3-9474-1A3956D46DE8}") = "src", "src", "{B53498F9-D4A2-43BA-8473-90E1AC430782}"
EndProject
Project("{FAE04EC0-301F-11D3-BF4B-00C04F79EFBC}") = "Google.Cloud.SecretManager.Client", "src\Google.Cloud.SecretManager.Client\Google.Cloud.SecretManager.Client.csproj", "{4A73E19B-2EEC-4BB0-8F97-C4B23C43A815}"
EndProject
Project("{2150E333-8FDC-42A3-9474-1A3956D46DE8}") = "test", "test", "{D6607D55-89E7-4391-B739-013CBAEDD4CD}"
EndProject
Project("{FAE04EC0-301F-11D3-BF4B-00C04F79EFBC}") = "Google.Cloud.SecretManager.Client.UnitTests", "test\Google.Cloud.SecretManager.Client.UnitTests\Google.Cloud.SecretManager.Client.UnitTests.csproj", "{3CA5A91F-7B65-46BC-868D-98B233947A3E}"
EndProject
Project("{FAE04EC0-301F-11D3-BF4B-00C04F79EFBC}") = "Installer", "src\Installer\Installer.csproj", "{8619BF51-73AA-4141-B921-4C141FCF3AB3}"
EndProject
Global
	GlobalSection(SolutionConfigurationPlatforms) = preSolution
		Debug|Any CPU = Debug|Any CPU
		Release|Any CPU = Release|Any CPU
	EndGlobalSection
	GlobalSection(NestedProjects) = preSolution
		{4A73E19B-2EEC-4BB0-8F97-C4B23C43A815} = {B53498F9-D4A2-43BA-8473-90E1AC430782}
		{3CA5A91F-7B65-46BC-868D-98B233947A3E} = {D6607D55-89E7-4391-B739-013CBAEDD4CD}
		{8619BF51-73AA-4141-B921-4C141FCF3AB3} = {B53498F9-D4A2-43BA-8473-90E1AC430782}
	EndGlobalSection
	GlobalSection(ProjectConfigurationPlatforms) = postSolution
		{4A73E19B-2EEC-4BB0-8F97-C4B23C43A815}.Debug|Any CPU.ActiveCfg = Debug|Any CPU
		{4A73E19B-2EEC-4BB0-8F97-C4B23C43A815}.Debug|Any CPU.Build.0 = Debug|Any CPU
		{4A73E19B-2EEC-4BB0-8F97-C4B23C43A815}.Release|Any CPU.ActiveCfg = Release|Any CPU
		{4A73E19B-2EEC-4BB0-8F97-C4B23C43A815}.Release|Any CPU.Build.0 = Release|Any CPU
		{3CA5A91F-7B65-46BC-868D-98B233947A3E}.Debug|Any CPU.ActiveCfg = Debug|Any CPU
		{3CA5A91F-7B65-46BC-868D-98B233947A3E}.Debug|Any CPU.Build.0 = Debug|Any CPU
		{3CA5A91F-7B65-46BC-868D-98B233947A3E}.Release|Any CPU.ActiveCfg = Release|Any CPU
		{3CA5A91F-7B65-46BC-868D-98B233947A3E}.Release|Any CPU.Build.0 = Release|Any CPU
		{8619BF51-73AA-4141-B921-4C141FCF3AB3}.Debug|Any CPU.ActiveCfg = Debug|Any CPU
		{8619BF51-73AA-4141-B921-4C141FCF3AB3}.Debug|Any CPU.Build.0 = Debug|Any CPU
		{8619BF51-73AA-4141-B921-4C141FCF3AB3}.Release|Any CPU.ActiveCfg = Release|Any CPU
		{8619BF51-73AA-4141-B921-4C141FCF3AB3}.Release|Any CPU.Build.0 = Release|Any CPU
	EndGlobalSection
EndGlobal
